
Microsoft Visual Studio Solution File, Format Version 12.00
# Visual Studio 15
VisualStudioVersion = 15.0.28307.572
MinimumVisualStudioVersion = 10.0.40219.1
Project("{FAE04EC0-301F-11D3-BF4B-00C04F79EFBC}") = "WebHeaders", "WebHeaders\WebHeaders.csproj", "{EF92B176-D9F6-409C-9B87-AA919CDE1651}"
EndProject
Global
	GlobalSection(SolutionConfigurationPlatforms) = preSolution
		Debug|Any CPU = Debug|Any CPU
		Release|Any CPU = Release|Any CPU
	EndGlobalSection
	GlobalSection(ProjectConfigurationPlatforms) = postSolution
		{EF92B176-D9F6-409C-9B87-AA919CDE1651}.Debug|Any CPU.ActiveCfg = Debug|Any CPU
		{EF92B176-D9F6-409C-9B87-AA919CDE1651}.Debug|Any CPU.Build.0 = Debug|Any CPU
		{EF92B176-D9F6-409C-9B87-AA919CDE1651}.Release|Any CPU.ActiveCfg = Release|Any CPU
		{EF92B176-D9F6-409C-9B87-AA919CDE1651}.Release|Any CPU.Build.0 = Release|Any CPU
	EndGlobalSection
	GlobalSection(SolutionProperties) = preSolution
		HideSolutionNode = FALSE
	EndGlobalSection
	GlobalSection(ExtensibilityGlobals) = postSolution
		SolutionGuid = {3E62A146-FE13-45D5-AB86-571ABD80DC79}
	EndGlobalSection
EndGlobal
