
Microsoft Visual Studio Solution File, Format Version 12.00
# Visual Studio 15
VisualStudioVersion = 15.0.28307.572
MinimumVisualStudioVersion = 10.0.40219.1
Project("{FAE04EC0-301F-11D3-BF4B-00C04F79EFBC}") = "Deserialization", "Deserialization\Deserialization.csproj", "{AEA6D74C-FC66-47B9-B1BA-88D4B2326210}"
EndProject
Global
	GlobalSection(SolutionConfigurationPlatforms) = preSolution
		Debug|Any CPU = Debug|Any CPU
		Release|Any CPU = Release|Any CPU
	EndGlobalSection
	GlobalSection(ProjectConfigurationPlatforms) = postSolution
		{AEA6D74C-FC66-47B9-B1BA-88D4B2326210}.Debug|Any CPU.ActiveCfg = Debug|Any CPU
		{AEA6D74C-FC66-47B9-B1BA-88D4B2326210}.Debug|Any CPU.Build.0 = Debug|Any CPU
		{AEA6D74C-FC66-47B9-B1BA-88D4B2326210}.Release|Any CPU.ActiveCfg = Release|Any CPU
		{AEA6D74C-FC66-47B9-B1BA-88D4B2326210}.Release|Any CPU.Build.0 = Release|Any CPU
	EndGlobalSection
	GlobalSection(SolutionProperties) = preSolution
		HideSolutionNode = FALSE
	EndGlobalSection
	GlobalSection(ExtensibilityGlobals) = postSolution
		SolutionGuid = {53356A87-E0CE-47A9-8C5B-D6DDF0132BC6}
	EndGlobalSection
EndGlobal
