
Microsoft Visual Studio Solution File, Format Version 12.00
# Visual Studio 15
VisualStudioVersion = 15.0.28307.572
MinimumVisualStudioVersion = 10.0.40219.1
Project("{FAE04EC0-301F-11D3-BF4B-00C04F79EFBC}") = "IDOR", "IDOR\IDOR.csproj", "{3133E8D6-DFE6-4041-8BEA-922973A458A1}"
EndProject
Global
	GlobalSection(SolutionConfigurationPlatforms) = preSolution
		Debug|Any CPU = Debug|Any CPU
		Release|Any CPU = Release|Any CPU
	EndGlobalSection
	GlobalSection(ProjectConfigurationPlatforms) = postSolution
		{3133E8D6-DFE6-4041-8BEA-922973A458A1}.Debug|Any CPU.ActiveCfg = Debug|Any CPU
		{3133E8D6-DFE6-4041-8BEA-922973A458A1}.Debug|Any CPU.Build.0 = Debug|Any CPU
		{3133E8D6-DFE6-4041-8BEA-922973A458A1}.Release|Any CPU.ActiveCfg = Release|Any CPU
		{3133E8D6-DFE6-4041-8BEA-922973A458A1}.Release|Any CPU.Build.0 = Release|Any CPU
	EndGlobalSection
	GlobalSection(SolutionProperties) = preSolution
		HideSolutionNode = FALSE
	EndGlobalSection
	GlobalSection(ExtensibilityGlobals) = postSolution
		SolutionGuid = {6E1AFF57-D19C-415C-BAAE-DD16312B885E}
	EndGlobalSection
EndGlobal
