
Microsoft Visual Studio Solution File, Format Version 12.00
# Visual Studio 15
VisualStudioVersion = 15.0.28307.572
MinimumVisualStudioVersion = 10.0.40219.1
Project("{FAE04EC0-301F-11D3-BF4B-00C04F79EFBC}") = "OpenRedirect", "OpenRedirect\OpenRedirect.csproj", "{154A035C-2287-484F-8970-7A9ECD979499}"
EndProject
Global
	GlobalSection(SolutionConfigurationPlatforms) = preSolution
		Debug|Any CPU = Debug|Any CPU
		Release|Any CPU = Release|Any CPU
	EndGlobalSection
	GlobalSection(ProjectConfigurationPlatforms) = postSolution
		{154A035C-2287-484F-8970-7A9ECD979499}.Debug|Any CPU.ActiveCfg = Debug|Any CPU
		{154A035C-2287-484F-8970-7A9ECD979499}.Debug|Any CPU.Build.0 = Debug|Any CPU
		{154A035C-2287-484F-8970-7A9ECD979499}.Release|Any CPU.ActiveCfg = Release|Any CPU
		{154A035C-2287-484F-8970-7A9ECD979499}.Release|Any CPU.Build.0 = Release|Any CPU
	EndGlobalSection
	GlobalSection(SolutionProperties) = preSolution
		HideSolutionNode = FALSE
	EndGlobalSection
	GlobalSection(ExtensibilityGlobals) = postSolution
		SolutionGuid = {C336F00D-0BDF-46AC-8824-97AD70D0E607}
	EndGlobalSection
EndGlobal
